
Microsoft Visual Studio Solution File, Format Version 12.00
# Visual Studio 15
VisualStudioVersion = 15.0.26730.16
MinimumVisualStudioVersion = 10.0.40219.1
Project("{9A19103F-16F7-4668-BE54-9A1E7A4F7556}") = "LaboratorNET2", "LaboratorNET2\LaboratorNET2.csproj", "{4BD7B921-7D9B-40E1-BD3B-53EFC08F3F10}"
EndProject
Project("{9A19103F-16F7-4668-BE54-9A1E7A4F7556}") = "LaboratorNET2.Repository", "LaboratorNET2.Repository\LaboratorNET2.Repository.csproj", "{E17D21B0-970A-4ED2-8210-F290A489956A}"
EndProject
Project("{FAE04EC0-301F-11D3-BF4B-00C04F79EFBC}") = "Program", "Program\Program.csproj", "{ACEC7FEB-8259-4E78-ACAF-271F03216ACC}"
EndProject
Global
	GlobalSection(SolutionConfigurationPlatforms) = preSolution
		Debug|Any CPU = Debug|Any CPU
		Release|Any CPU = Release|Any CPU
	EndGlobalSection
	GlobalSection(ProjectConfigurationPlatforms) = postSolution
		{4BD7B921-7D9B-40E1-BD3B-53EFC08F3F10}.Debug|Any CPU.ActiveCfg = Debug|Any CPU
		{4BD7B921-7D9B-40E1-BD3B-53EFC08F3F10}.Debug|Any CPU.Build.0 = Debug|Any CPU
		{4BD7B921-7D9B-40E1-BD3B-53EFC08F3F10}.Release|Any CPU.ActiveCfg = Release|Any CPU
		{4BD7B921-7D9B-40E1-BD3B-53EFC08F3F10}.Release|Any CPU.Build.0 = Release|Any CPU
		{E17D21B0-970A-4ED2-8210-F290A489956A}.Debug|Any CPU.ActiveCfg = Debug|Any CPU
		{E17D21B0-970A-4ED2-8210-F290A489956A}.Debug|Any CPU.Build.0 = Debug|Any CPU
		{E17D21B0-970A-4ED2-8210-F290A489956A}.Release|Any CPU.ActiveCfg = Release|Any CPU
		{E17D21B0-970A-4ED2-8210-F290A489956A}.Release|Any CPU.Build.0 = Release|Any CPU
		{ACEC7FEB-8259-4E78-ACAF-271F03216ACC}.Debug|Any CPU.ActiveCfg = Debug|Any CPU
		{ACEC7FEB-8259-4E78-ACAF-271F03216ACC}.Debug|Any CPU.Build.0 = Debug|Any CPU
		{ACEC7FEB-8259-4E78-ACAF-271F03216ACC}.Release|Any CPU.ActiveCfg = Release|Any CPU
		{ACEC7FEB-8259-4E78-ACAF-271F03216ACC}.Release|Any CPU.Build.0 = Release|Any CPU
	EndGlobalSection
	GlobalSection(SolutionProperties) = preSolution
		HideSolutionNode = FALSE
	EndGlobalSection
	GlobalSection(ExtensibilityGlobals) = postSolution
		SolutionGuid = {EF380A1C-B69E-4E0A-BF54-67FF8FF3E14A}
	EndGlobalSection
EndGlobal
