
Microsoft Visual Studio Solution File, Format Version 12.00
# Visual Studio 15
VisualStudioVersion = 15.0.28010.2041
MinimumVisualStudioVersion = 10.0.40219.1
Project("{FAE04EC0-301F-11D3-BF4B-00C04F79EFBC}") = "GenericLists", "GenericLists\GenericLists.csproj", "{E7E3EA0F-75A5-408E-990D-18CDC8314191}"
EndProject
Project("{FAE04EC0-301F-11D3-BF4B-00C04F79EFBC}") = "GenericListTest", "GenericListTest\GenericListTest.csproj", "{00070322-364E-4611-8926-6F89949D8251}"
EndProject
Global
	GlobalSection(SolutionConfigurationPlatforms) = preSolution
		Debug|Any CPU = Debug|Any CPU
		Release|Any CPU = Release|Any CPU
	EndGlobalSection
	GlobalSection(ProjectConfigurationPlatforms) = postSolution
		{E7E3EA0F-75A5-408E-990D-18CDC8314191}.Debug|Any CPU.ActiveCfg = Debug|Any CPU
		{E7E3EA0F-75A5-408E-990D-18CDC8314191}.Debug|Any CPU.Build.0 = Debug|Any CPU
		{E7E3EA0F-75A5-408E-990D-18CDC8314191}.Release|Any CPU.ActiveCfg = Release|Any CPU
		{E7E3EA0F-75A5-408E-990D-18CDC8314191}.Release|Any CPU.Build.0 = Release|Any CPU
		{00070322-364E-4611-8926-6F89949D8251}.Debug|Any CPU.ActiveCfg = Debug|Any CPU
		{00070322-364E-4611-8926-6F89949D8251}.Debug|Any CPU.Build.0 = Debug|Any CPU
		{00070322-364E-4611-8926-6F89949D8251}.Release|Any CPU.ActiveCfg = Release|Any CPU
		{00070322-364E-4611-8926-6F89949D8251}.Release|Any CPU.Build.0 = Release|Any CPU
	EndGlobalSection
	GlobalSection(SolutionProperties) = preSolution
		HideSolutionNode = FALSE
	EndGlobalSection
	GlobalSection(ExtensibilityGlobals) = postSolution
		SolutionGuid = {1CFE1EA0-B72D-4D37-BBDB-2AAF3C90BC33}
	EndGlobalSection
EndGlobal
